
Microsoft Visual Studio Solution File, Format Version 12.00
# Visual Studio 14
VisualStudioVersion = 14.0.25420.1
MinimumVisualStudioVersion = 10.0.40219.1
Project("{FAE04EC0-301F-11D3-BF4B-00C04F79EFBC}") = "DotNet", "DotNet\DotNet.csproj", "{FB75B98E-630C-4B7B-92AC-8EB458356AF5}"
EndProject
Project("{FAE04EC0-301F-11D3-BF4B-00C04F79EFBC}") = "WcfService", "WcfService\WcfService.csproj", "{885D1152-ACC5-4FA2-8E80-163594FB6627}"
EndProject
Project("{FAE04EC0-301F-11D3-BF4B-00C04F79EFBC}") = "ConsoleApplication", "ConsoleApplication\ConsoleApplication.csproj", "{F669E4FE-AD8C-46B5-BEB2-1C2B02763D0D}"
	ProjectSection(ProjectDependencies) = postProject
		{885D1152-ACC5-4FA2-8E80-163594FB6627} = {885D1152-ACC5-4FA2-8E80-163594FB6627}
	EndProjectSection
EndProject
Project("{FAE04EC0-301F-11D3-BF4B-00C04F79EFBC}") = "WebApplication", "WebApplication\WebApplication.csproj", "{3F1FEF9F-E3D6-4A0B-B7F0-897881A1B6B5}"
	ProjectSection(ProjectDependencies) = postProject
		{885D1152-ACC5-4FA2-8E80-163594FB6627} = {885D1152-ACC5-4FA2-8E80-163594FB6627}
	EndProjectSection
EndProject
Project("{FAE04EC0-301F-11D3-BF4B-00C04F79EFBC}") = "WpfApplication", "WpfApplication\WpfApplication.csproj", "{F923B017-280E-4D49-A5A2-8C6D66F6F8D9}"
EndProject
Global
	GlobalSection(SolutionConfigurationPlatforms) = preSolution
		Debug|Any CPU = Debug|Any CPU
		Release|Any CPU = Release|Any CPU
	EndGlobalSection
	GlobalSection(ProjectConfigurationPlatforms) = postSolution
		{FB75B98E-630C-4B7B-92AC-8EB458356AF5}.Debug|Any CPU.ActiveCfg = Debug|Any CPU
		{FB75B98E-630C-4B7B-92AC-8EB458356AF5}.Debug|Any CPU.Build.0 = Debug|Any CPU
		{FB75B98E-630C-4B7B-92AC-8EB458356AF5}.Release|Any CPU.ActiveCfg = Release|Any CPU
		{FB75B98E-630C-4B7B-92AC-8EB458356AF5}.Release|Any CPU.Build.0 = Release|Any CPU
		{885D1152-ACC5-4FA2-8E80-163594FB6627}.Debug|Any CPU.ActiveCfg = Debug|Any CPU
		{885D1152-ACC5-4FA2-8E80-163594FB6627}.Debug|Any CPU.Build.0 = Debug|Any CPU
		{885D1152-ACC5-4FA2-8E80-163594FB6627}.Release|Any CPU.ActiveCfg = Release|Any CPU
		{885D1152-ACC5-4FA2-8E80-163594FB6627}.Release|Any CPU.Build.0 = Release|Any CPU
		{F669E4FE-AD8C-46B5-BEB2-1C2B02763D0D}.Debug|Any CPU.ActiveCfg = Debug|Any CPU
		{F669E4FE-AD8C-46B5-BEB2-1C2B02763D0D}.Debug|Any CPU.Build.0 = Debug|Any CPU
		{F669E4FE-AD8C-46B5-BEB2-1C2B02763D0D}.Release|Any CPU.ActiveCfg = Release|Any CPU
		{F669E4FE-AD8C-46B5-BEB2-1C2B02763D0D}.Release|Any CPU.Build.0 = Release|Any CPU
		{3F1FEF9F-E3D6-4A0B-B7F0-897881A1B6B5}.Debug|Any CPU.ActiveCfg = Debug|Any CPU
		{3F1FEF9F-E3D6-4A0B-B7F0-897881A1B6B5}.Debug|Any CPU.Build.0 = Debug|Any CPU
		{3F1FEF9F-E3D6-4A0B-B7F0-897881A1B6B5}.Release|Any CPU.ActiveCfg = Release|Any CPU
		{3F1FEF9F-E3D6-4A0B-B7F0-897881A1B6B5}.Release|Any CPU.Build.0 = Release|Any CPU
		{F923B017-280E-4D49-A5A2-8C6D66F6F8D9}.Debug|Any CPU.ActiveCfg = Debug|Any CPU
		{F923B017-280E-4D49-A5A2-8C6D66F6F8D9}.Debug|Any CPU.Build.0 = Debug|Any CPU
		{F923B017-280E-4D49-A5A2-8C6D66F6F8D9}.Release|Any CPU.ActiveCfg = Release|Any CPU
		{F923B017-280E-4D49-A5A2-8C6D66F6F8D9}.Release|Any CPU.Build.0 = Release|Any CPU
	EndGlobalSection
	GlobalSection(SolutionProperties) = preSolution
		HideSolutionNode = FALSE
	EndGlobalSection
EndGlobal
